{
  "requires": true,
  "lockfileVersion": 1,
  "dependencies": {
    "ngx-spinner": {
      "version": "13.1.1",
      "resolved": "https://registry.npmjs.org/ngx-spinner/-/ngx-spinner-13.1.1.tgz",
      "integrity": "sha512-6aJz4KxIsBrlQckJxcM3CEvMcYbZoSDnQZPu0F/ZYAYunbBOTb9iydw0Gjczg9moum1VURWjX5dTVKmFo85c2Q==",
      "requires": {
        "tslib": "^2.3.0"
      }
    },
    "tslib": {
      "version": "2.4.0",
      "resolved": "https://registry.npmjs.org/tslib/-/tslib-2.4.0.tgz",
      "integrity": "sha512-d6xOpEDfsi2CZVlPQzGeux8XMwLT9hssAsaPYExaQMuYskwb+x1x7J371tWlbBdWHroy99KnVB6qIkUbs5X3UQ=="
    }
  }
}
